
Microsoft Visual Studio Solution File, Format Version 12.00
# Visual Studio 15
VisualStudioVersion = 15.0.28307.1169
MinimumVisualStudioVersion = 10.0.40219.1
Project("{FAE04EC0-301F-11D3-BF4B-00C04F79EFBC}") = "MindforkBlog", "MindforkBlog\MindforkBlog.csproj", "{3DF78863-6C94-4A84-8D54-55AEC2F6792C}"
EndProject
Global
	GlobalSection(SolutionConfigurationPlatforms) = preSolution
		Debug|Any CPU = Debug|Any CPU
		Release|Any CPU = Release|Any CPU
	EndGlobalSection
	GlobalSection(ProjectConfigurationPlatforms) = postSolution
		{3DF78863-6C94-4A84-8D54-55AEC2F6792C}.Debug|Any CPU.ActiveCfg = Debug|Any CPU
		{3DF78863-6C94-4A84-8D54-55AEC2F6792C}.Debug|Any CPU.Build.0 = Debug|Any CPU
		{3DF78863-6C94-4A84-8D54-55AEC2F6792C}.Release|Any CPU.ActiveCfg = Release|Any CPU
		{3DF78863-6C94-4A84-8D54-55AEC2F6792C}.Release|Any CPU.Build.0 = Release|Any CPU
	EndGlobalSection
	GlobalSection(SolutionProperties) = preSolution
		HideSolutionNode = FALSE
	EndGlobalSection
	GlobalSection(ExtensibilityGlobals) = postSolution
		SolutionGuid = {3026D93F-9C9E-4D26-89FF-1CD7BF4DAA6F}
	EndGlobalSection
EndGlobal
